{
  "name": "webwolk-site",
  "version": "1.0.0",
  "lockfileVersion": 3,
  "requires": true,
  "packages": {
    "": {
      "name": "webwolk-site",
      "version": "1.0.0",
      "license": "MIT",
      "devDependencies": {
        "@quinten/webwolk-lib": "^1.0.0"
      }
    },
    "node_modules/@quinten/webwolk-lib": {
      "version": "1.0.0",
      "resolved": "https://registry.npmjs.org/@quinten/webwolk-lib/-/webwolk-lib-1.0.0.tgz",
      "integrity": "sha512-HjtOggaPs5NsagViNOKZVjKglcRsAEisQjGr9KnXlYj52B50GzhL6nOMz+lsG5HL/UZfNOfwZmSgzwzDj0B0Bg==",
      "dev": true,
      "license": "MIT",
      "bin": {
        "wolkbuild": "bin/build.js",
        "wolkserve": "bin/serve.js"
      }
    }
  }
}
